
Microsoft Visual Studio Solution File, Format Version 12.00
# Visual Studio Version 17
VisualStudioVersion = 17.14.36408.4 d17.14
MinimumVisualStudioVersion = 10.0.40219.1
Project("{888888A0-9F3D-457C-B088-3A5042F75D52}") = "Hangman Minigame", "Hangman Minigame\Hangman Minigame.pyproj", "{ECFE9B63-FC08-4B14-92BB-B904DB21471F}"
EndProject
Global
	GlobalSection(SolutionConfigurationPlatforms) = preSolution
		Debug|Any CPU = Debug|Any CPU
		Release|Any CPU = Release|Any CPU
	EndGlobalSection
	GlobalSection(ProjectConfigurationPlatforms) = postSolution
		{ECFE9B63-FC08-4B14-92BB-B904DB21471F}.Debug|Any CPU.ActiveCfg = Debug|Any CPU
		{ECFE9B63-FC08-4B14-92BB-B904DB21471F}.Release|Any CPU.ActiveCfg = Release|Any CPU
	EndGlobalSection
	GlobalSection(SolutionProperties) = preSolution
		HideSolutionNode = FALSE
	EndGlobalSection
	GlobalSection(ExtensibilityGlobals) = postSolution
		SolutionGuid = {821B13E2-8FE4-466B-BAB1-BE5B448FA590}
	EndGlobalSection
EndGlobal
